// !$*UTF8*$!
{
	archiveVersion = 1;
	classes = {
	};
	objectVersion = 55;
	objects = {

/* Begin PBXBuildFile section */
		B7D5F0FE28FD8E8D008CCDC2 /* Lab1App.swift in Sources */ = {isa = PBXBuildFile; fileRef = B7D5F0FD28FD8E8D008CCDC2 /* Lab1App.swift */; };
		B7D5F10028FD8E8D008CCDC2 /* ContentView.swift in Sources */ = {isa = PBXBuildFile; fileRef = B7D5F0FF28FD8E8D008CCDC2 /* ContentView.swift */; };
		B7D5F10228FD8E8E008CCDC2 /* Assets.xcassets in Resources */ = {isa = PBXBuildFile; fileRef = B7D5F10128FD8E8E008CCDC2 /* Assets.xcassets */; };
		B7D5F10528FD8E8E008CCDC2 /* Preview Assets.xcassets in Resources */ = {isa = PBXBuildFile; fileRef = B7D5F10428FD8E8E008CCDC2 /* Preview Assets.xcassets */; };
		B7D5F10F28FD8E8E008CCDC2 /* Lab1Tests.swift in Sources */ = {isa = PBXBuildFile; fileRef = B7D5F10E28FD8E8E008CCDC2 /* Lab1Tests.swift */; };
		B7D5F11928FD8E8F008CCDC2 /* Lab1UITests.swift in Sources */ = {isa = PBXBuildFile; fileRef = B7D5F11828FD8E8F008CCDC2 /* Lab1UITests.swift */; };
		B7D5F11B28FD8E8F008CCDC2 /* Lab1UITestsLaunchTests.swift in Sources */ = {isa = PBXBuildFile; fileRef = B7D5F11A28FD8E8F008CCDC2 /* Lab1UITestsLaunchTests.swift */; };
		B7D5F12828FD9078008CCDC2 /* Heart.swift in Sources */ = {isa = PBXBuildFile; fileRef = B7D5F12728FD9078008CCDC2 /* Heart.swift */; };
		B7D5F12A28FD9592008CCDC2 /* Chapter4.swift in Sources */ = {isa = PBXBuildFile; fileRef = B7D5F12928FD9592008CCDC2 /* Chapter4.swift */; };
/* End PBXBuildFile section */

/* Begin PBXContainerItemProxy section */
		B7D5F10B28FD8E8E008CCDC2 /* PBXContainerItemProxy */ = {
			isa = PBXContainerItemProxy;
			containerPortal = B7D5F0F228FD8E8D008CCDC2 /* Project object */;
			proxyType = 1;
			remoteGlobalIDString = B7D5F0F928FD8E8D008CCDC2;
			remoteInfo = Lab1;
		};
		B7D5F11528FD8E8E008CCDC2 /* PBXContainerItemProxy */ = {
			isa = PBXContainerItemProxy;
			containerPortal = B7D5F0F228FD8E8D008CCDC2 /* Project object */;
			proxyType = 1;
			remoteGlobalIDString = B7D5F0F928FD8E8D008CCDC2;
			remoteInfo = Lab1;
		};
/* End PBXContainerItemProxy section */

/* Begin PBXFileReference section */
		B7D5F0FA28FD8E8D008CCDC2 /* Lab1.app */ = {isa = PBXFileReference; explicitFileType = wrapper.application; includeInIndex = 0; path = Lab1.app; sourceTree = BUILT_PRODUCTS_DIR; };
		B7D5F0FD28FD8E8D008CCDC2 /* Lab1App.swift */ = {isa = PBXFileReference; lastKnownFileType = sourcecode.swift; path = Lab1App.swift; sourceTree = "<group>"; };
		B7D5F0FF28FD8E8D008CCDC2 /* ContentView.swift */ = {isa = PBXFileReference; lastKnownFileType = sourcecode.swift; path = ContentView.swift; sourceTree = "<group>"; };
		B7D5F10128FD8E8E008CCDC2 /* Assets.xcassets */ = {isa = PBXFileReference; lastKnownFileType = folder.assetcatalog; path = Assets.xcassets; sourceTree = "<group>"; };
		B7D5F10428FD8E8E008CCDC2 /* Preview Assets.xcassets */ = {isa = PBXFileReference; lastKnownFileType = folder.assetcatalog; path = "Preview Assets.xcassets"; sourceTree = "<group>"; };
		B7D5F10A28FD8E8E008CCDC2 /* Lab1Tests.xctest */ = {isa = PBXFileReference; explicitFileType = wrapper.cfbundle; includeInIndex = 0; path = Lab1Tests.xctest; sourceTree = BUILT_PRODUCTS_DIR; };
		B7D5F10E28FD8E8E008CCDC2 /* Lab1Tests.swift */ = {isa = PBXFileReference; lastKnownFileType = sourcecode.swift; path = Lab1Tests.swift; sourceTree = "<group>"; };
		B7D5F11428FD8E8E008CCDC2 /* Lab1UITests.xctest */ = {isa = PBXFileReference; explicitFileType = wrapper.cfbundle; includeInIndex = 0; path = Lab1UITests.xctest; sourceTree = BUILT_PRODUCTS_DIR; };
		B7D5F11828FD8E8F008CCDC2 /* Lab1UITests.swift */ = {isa = PBXFileReference; lastKnownFileType = sourcecode.swift; path = Lab1UITests.swift; sourceTree = "<group>"; };
		B7D5F11A28FD8E8F008CCDC2 /* Lab1UITestsLaunchTests.swift */ = {isa = PBXFileReference; lastKnownFileType = sourcecode.swift; path = Lab1UITestsLaunchTests.swift; sourceTree = "<group>"; };
		B7D5F12728FD9078008CCDC2 /* Heart.swift */ = {isa = PBXFileReference; lastKnownFileType = sourcecode.swift; path = Heart.swift; sourceTree = "<group>"; };
		B7D5F12928FD9592008CCDC2 /* Chapter4.swift */ = {isa = PBXFileReference; lastKnownFileType = sourcecode.swift; path = Chapter4.swift; sourceTree = "<group>"; };
/* End PBXFileReference section */

/* Begin PBXFrameworksBuildPhase section */
		B7D5F0F728FD8E8D008CCDC2 /* Frameworks */ = {
			isa = PBXFrameworksBuildPhase;
			buildActionMask = 2147483647;
			files = (
			);
			runOnlyForDeploymentPostprocessing = 0;
		};
		B7D5F10728FD8E8E008CCDC2 /* Frameworks */ = {
			isa = PBXFrameworksBuildPhase;
			buildActionMask = 2147483647;
			files = (
			);
			runOnlyForDeploymentPostprocessing = 0;
		};
		B7D5F11128FD8E8E008CCDC2 /* Frameworks */ = {
			isa = PBXFrameworksBuildPhase;
			buildActionMask = 2147483647;
			files = (
			);
			runOnlyForDeploymentPostprocessing = 0;
		};
/* End PBXFrameworksBuildPhase section */

/* Begin PBXGroup section */
		B7D5F0F128FD8E8D008CCDC2 = {
			isa = PBXGroup;
			children = (
				B7D5F0FC28FD8E8D008CCDC2 /* Lab1 */,
				B7D5F10D28FD8E8E008CCDC2 /* Lab1Tests */,
				B7D5F11728FD8E8E008CCDC2 /* Lab1UITests */,
				B7D5F0FB28FD8E8D008CCDC2 /* Products */,
			);
			sourceTree = "<group>";
		};
		B7D5F0FB28FD8E8D008CCDC2 /* Products */ = {
			isa = PBXGroup;
			children = (
				B7D5F0FA28FD8E8D008CCDC2 /* Lab1.app */,
				B7D5F10A28FD8E8E008CCDC2 /* Lab1Tests.xctest */,
				B7D5F11428FD8E8E008CCDC2 /* Lab1UITests.xctest */,
			);
			name = Products;
			sourceTree = "<group>";
		};
		B7D5F0FC28FD8E8D008CCDC2 /* Lab1 */ = {
			isa = PBXGroup;
			children = (
				B7D5F0FD28FD8E8D008CCDC2 /* Lab1App.swift */,
				B7D5F0FF28FD8E8D008CCDC2 /* ContentView.swift */,
				B7D5F10128FD8E8E008CCDC2 /* Assets.xcassets */,
				B7D5F10328FD8E8E008CCDC2 /* Preview Content */,
				B7D5F12728FD9078008CCDC2 /* Heart.swift */,
				B7D5F12928FD9592008CCDC2 /* Chapter4.swift */,
			);
			path = Lab1;
			sourceTree = "<group>";
		};
		B7D5F10328FD8E8E008CCDC2 /* Preview Content */ = {
			isa = PBXGroup;
			children = (
				B7D5F10428FD8E8E008CCDC2 /* Preview Assets.xcassets */,
			);
			path = "Preview Content";
			sourceTree = "<group>";
		};
		B7D5F10D28FD8E8E008CCDC2 /* Lab1Tests */ = {
			isa = PBXGroup;
			children = (
				B7D5F10E28FD8E8E008CCDC2 /* Lab1Tests.swift */,
			);
			path = Lab1Tests;
			sourceTree = "<group>";
		};
		B7D5F11728FD8E8E008CCDC2 /* Lab1UITests */ = {
			isa = PBXGroup;
			children = (
				B7D5F11828FD8E8F008CCDC2 /* Lab1UITests.swift */,
				B7D5F11A28FD8E8F008CCDC2 /* Lab1UITestsLaunchTests.swift */,
			);
			path = Lab1UITests;
			sourceTree = "<group>";
		};
/* End PBXGroup section */

/* Begin PBXNativeTarget section */
		B7D5F0F928FD8E8D008CCDC2 /* Lab1 */ = {
			isa = PBXNativeTarget;
			buildConfigurationList = B7D5F11E28FD8E8F008CCDC2 /* Build configuration list for PBXNativeTarget "Lab1" */;
			buildPhases = (
				B7D5F0F628FD8E8D008CCDC2 /* Sources */,
				B7D5F0F728FD8E8D008CCDC2 /* Frameworks */,
				B7D5F0F828FD8E8D008CCDC2 /* Resources */,
			);
			buildRules = (
			);
			dependencies = (
			);
			name = Lab1;
			productName = Lab1;
			productReference = B7D5F0FA28FD8E8D008CCDC2 /* Lab1.app */;
			productType = "com.apple.product-type.application";
		};
		B7D5F10928FD8E8E008CCDC2 /* Lab1Tests */ = {
			isa = PBXNativeTarget;
			buildConfigurationList = B7D5F12128FD8E8F008CCDC2 /* Build configuration list for PBXNativeTarget "Lab1Tests" */;
			buildPhases = (
				B7D5F10628FD8E8E008CCDC2 /* Sources */,
				B7D5F10728FD8E8E008CCDC2 /* Frameworks */,
				B7D5F10828FD8E8E008CCDC2 /* Resources */,
			);
			buildRules = (
			);
			dependencies = (
				B7D5F10C28FD8E8E008CCDC2 /* PBXTargetDependency */,
			);
			name = Lab1Tests;
			productName = Lab1Tests;
			productReference = B7D5F10A28FD8E8E008CCDC2 /* Lab1Tests.xctest */;
			productType = "com.apple.product-type.bundle.unit-test";
		};
		B7D5F11328FD8E8E008CCDC2 /* Lab1UITests */ = {
			isa = PBXNativeTarget;
			buildConfigurationList = B7D5F12428FD8E8F008CCDC2 /* Build configuration list for PBXNativeTarget "Lab1UITests" */;
			buildPhases = (
				B7D5F11028FD8E8E008CCDC2 /* Sources */,
				B7D5F11128FD8E8E008CCDC2 /* Frameworks */,
				B7D5F11228FD8E8E008CCDC2 /* Resources */,
			);
			buildRules = (
			);
			dependencies = (
				B7D5F11628FD8E8E008CCDC2 /* PBXTargetDependency */,
			);
			name = Lab1UITests;
			productName = Lab1UITests;
			productReference = B7D5F11428FD8E8E008CCDC2 /* Lab1UITests.xctest */;
			productType = "com.apple.product-type.bundle.ui-testing";
		};
/* End PBXNativeTarget section */

/* Begin PBXProject section */
		B7D5F0F228FD8E8D008CCDC2 /* Project object */ = {
			isa = PBXProject;
			attributes = {
				BuildIndependentTargetsInParallel = 1;
				LastSwiftUpdateCheck = 1320;
				LastUpgradeCheck = 1320;
				TargetAttributes = {
					B7D5F0F928FD8E8D008CCDC2 = {
						CreatedOnToolsVersion = 13.2.1;
					};
					B7D5F10928FD8E8E008CCDC2 = {
						CreatedOnToolsVersion = 13.2.1;
						TestTargetID = B7D5F0F928FD8E8D008CCDC2;
					};
					B7D5F11328FD8E8E008CCDC2 = {
						CreatedOnToolsVersion = 13.2.1;
						TestTargetID = B7D5F0F928FD8E8D008CCDC2;
					};
				};
			};
			buildConfigurationList = B7D5F0F528FD8E8D008CCDC2 /* Build configuration list for PBXProject "Lab1" */;
			compatibilityVersion = "Xcode 13.0";
			developmentRegion = en;
			hasScannedForEncodings = 0;
			knownRegions = (
				en,
				Base,
			);
			mainGroup = B7D5F0F128FD8E8D008CCDC2;
			productRefGroup = B7D5F0FB28FD8E8D008CCDC2 /* Products */;
			projectDirPath = "";
			projectRoot = "";
			targets = (
				B7D5F0F928FD8E8D008CCDC2 /* Lab1 */,
				B7D5F10928FD8E8E008CCDC2 /* Lab1Tests */,
				B7D5F11328FD8E8E008CCDC2 /* Lab1UITests */,
			);
		};
/* End PBXProject section */

/* Begin PBXResourcesBuildPhase section */
		B7D5F0F828FD8E8D008CCDC2 /* Resources */ = {
			isa = PBXResourcesBuildPhase;
			buildActionMask = 2147483647;
			files = (
				B7D5F10528FD8E8E008CCDC2 /* Preview Assets.xcassets in Resources */,
				B7D5F10228FD8E8E008CCDC2 /* Assets.xcassets in Resources */,
			);
			runOnlyForDeploymentPostprocessing = 0;
		};
		B7D5F10828FD8E8E008CCDC2 /* Resources */ = {
			isa = PBXResourcesBuildPhase;
			buildActionMask = 2147483647;
			files = (
			);
			runOnlyForDeploymentPostprocessing = 0;
		};
		B7D5F11228FD8E8E008CCDC2 /* Resources */ = {
			isa = PBXResourcesBuildPhase;
			buildActionMask = 2147483647;
			files = (
			);
			runOnlyForDeploymentPostprocessing = 0;
		};
/* End PBXResourcesBuildPhase section */

/* Begin PBXSourcesBuildPhase section */
		B7D5F0F628FD8E8D008CCDC2 /* Sources */ = {
			isa = PBXSourcesBuildPhase;
			buildActionMask = 2147483647;
			files = (
				B7D5F12A28FD9592008CCDC2 /* Chapter4.swift in Sources */,
				B7D5F12828FD9078008CCDC2 /* Heart.swift in Sources */,
				B7D5F10028FD8E8D008CCDC2 /* ContentView.swift in Sources */,
				B7D5F0FE28FD8E8D008CCDC2 /* Lab1App.swift in Sources */,
			);
			runOnlyForDeploymentPostprocessing = 0;
		};
		B7D5F10628FD8E8E008CCDC2 /* Sources */ = {
			isa = PBXSourcesBuildPhase;
			buildActionMask = 2147483647;
			files = (
				B7D5F10F28FD8E8E008CCDC2 /* Lab1Tests.swift in Sources */,
			);
			runOnlyForDeploymentPostprocessing = 0;
		};
		B7D5F11028FD8E8E008CCDC2 /* Sources */ = {
			isa = PBXSourcesBuildPhase;
			buildActionMask = 2147483647;
			files = (
				B7D5F11B28FD8E8F008CCDC2 /* Lab1UITestsLaunchTests.swift in Sources */,
				B7D5F11928FD8E8F008CCDC2 /* Lab1UITests.swift in Sources */,
			);
			runOnlyForDeploymentPostprocessing = 0;
		};
/* End PBXSourcesBuildPhase section */

/* Begin PBXTargetDependency section */
		B7D5F10C28FD8E8E008CCDC2 /* PBXTargetDependency */ = {
			isa = PBXTargetDependency;
			target = B7D5F0F928FD8E8D008CCDC2 /* Lab1 */;
			targetProxy = B7D5F10B28FD8E8E008CCDC2 /* PBXContainerItemProxy */;
		};
		B7D5F11628FD8E8E008CCDC2 /* PBXTargetDependency */ = {
			isa = PBXTargetDependency;
			target = B7D5F0F928FD8E8D008CCDC2 /* Lab1 */;
			targetProxy = B7D5F11528FD8E8E008CCDC2 /* PBXContainerItemProxy */;
		};
/* End PBXTargetDependency section */

/* Begin XCBuildConfiguration section */
		B7D5F11C28FD8E8F008CCDC2 /* Debug */ = {
			isa = XCBuildConfiguration;
			buildSettings = {
				ALWAYS_SEARCH_USER_PATHS = NO;
				CLANG_ANALYZER_NONNULL = YES;
				CLANG_ANALYZER_NUMBER_OBJECT_CONVERSION = YES_AGGRESSIVE;
				CLANG_CXX_LANGUAGE_STANDARD = "gnu++17";
				CLANG_CXX_LIBRARY = "libc++";
				CLANG_ENABLE_MODULES = YES;
				CLANG_ENABLE_OBJC_ARC = YES;
				CLANG_ENABLE_OBJC_WEAK = YES;
				CLANG_WARN_BLOCK_CAPTURE_AUTORELEASING = YES;
				CLANG_WARN_BOOL_CONVERSION = YES;
				CLANG_WARN_COMMA = YES;
				CLANG_WARN_CONSTANT_CONVERSION = YES;
				CLANG_WARN_DEPRECATED_OBJC_IMPLEMENTATIONS = YES;
				CLANG_WARN_DIRECT_OBJC_ISA_USAGE = YES_ERROR;
				CLANG_WARN_DOCUMENTATION_COMMENTS = YES;
				CLANG_WARN_EMPTY_BODY = YES;
				CLANG_WARN_ENUM_CONVERSION = YES;
				CLANG_WARN_INFINITE_RECURSION = YES;
				CLANG_WARN_INT_CONVERSION = YES;
				CLANG_WARN_NON_LITERAL_NULL_CONVERSION = YES;
				CLANG_WARN_OBJC_IMPLICIT_RETAIN_SELF = YES;
				CLANG_WARN_OBJC_LITERAL_CONVERSION = YES;
				CLANG_WARN_OBJC_ROOT_CLASS = YES_ERROR;
				CLANG_WARN_QUOTED_INCLUDE_IN_FRAMEWORK_HEADER = YES;
				CLANG_WARN_RANGE_LOOP_ANALYSIS = YES;
				CLANG_WARN_STRICT_PROTOTYPES = YES;
				CLANG_WARN_SUSPICIOUS_MOVE = YES;
				CLANG_WARN_UNGUARDED_AVAILABILITY = YES_AGGRESSIVE;
				CLANG_WARN_UNREACHABLE_CODE = YES;
				CLANG_WARN__DUPLICATE_METHOD_MATCH = YES;
				COPY_PHASE_STRIP = NO;
				DEBUG_INFORMATION_FORMAT = dwarf;
				ENABLE_STRICT_OBJC_MSGSEND = YES;
				ENABLE_TESTABILITY = YES;
				GCC_C_LANGUAGE_STANDARD = gnu11;
				GCC_DYNAMIC_NO_PIC = NO;
				GCC_NO_COMMON_BLOCKS = YES;
				GCC_OPTIMIZATION_LEVEL = 0;
				GCC_PREPROCESSOR_DEFINITIONS = (
					"DEBUG=1",
					"$(inherited)",
				);
				GCC_WARN_64_TO_32_BIT_CONVERSION = YES;
				GCC_WARN_ABOUT_RETURN_TYPE = YES_ERROR;
				GCC_WARN_UNDECLARED_SELECTOR = YES;
				GCC_WARN_UNINITIALIZED_AUTOS = YES_AGGRESSIVE;
				GCC_WARN_UNUSED_FUNCTION = YES;
				GCC_WARN_UNUSED_VARIABLE = YES;
				IPHONEOS_DEPLOYMENT_TARGET = 15.2;
				MTL_ENABLE_DEBUG_INFO = INCLUDE_SOURCE;
				MTL_FAST_MATH = YES;
				ONLY_ACTIVE_ARCH = YES;
				SDKROOT = iphoneos;
				SWIFT_ACTIVE_COMPILATION_CONDITIONS = DEBUG;
				SWIFT_OPTIMIZATION_LEVEL = "-Onone";
			};
			name = Debug;
		};
		B7D5F11D28FD8E8F008CCDC2 /* Release */ = {
			isa = XCBuildConfiguration;
			buildSettings = {
				ALWAYS_SEARCH_USER_PATHS = NO;
				CLANG_ANALYZER_NONNULL = YES;
				CLANG_ANALYZER_NUMBER_OBJECT_CONVERSION = YES_AGGRESSIVE;
				CLANG_CXX_LANGUAGE_STANDARD = "gnu++17";
				CLANG_CXX_LIBRARY = "libc++";
				CLANG_ENABLE_MODULES = YES;
				CLANG_ENABLE_OBJC_ARC = YES;
				CLANG_ENABLE_OBJC_WEAK = YES;
				CLANG_WARN_BLOCK_CAPTURE_AUTORELEASING = YES;
				CLANG_WARN_BOOL_CONVERSION = YES;
				CLANG_WARN_COMMA = YES;
				CLANG_WARN_CONSTANT_CONVERSION = YES;
				CLANG_WARN_DEPRECATED_OBJC_IMPLEMENTATIONS = YES;
				CLANG_WARN_DIRECT_OBJC_ISA_USAGE = YES_ERROR;
				CLANG_WARN_DOCUMENTATION_COMMENTS = YES;
				CLANG_WARN_EMPTY_BODY = YES;
				CLANG_WARN_ENUM_CONVERSION = YES;
				CLANG_WARN_INFINITE_RECURSION = YES;
				CLANG_WARN_INT_CONVERSION = YES;
				CLANG_WARN_NON_LITERAL_NULL_CONVERSION = YES;
				CLANG_WARN_OBJC_IMPLICIT_RETAIN_SELF = YES;
				CLANG_WARN_OBJC_LITERAL_CONVERSION = YES;
				CLANG_WARN_OBJC_ROOT_CLASS = YES_ERROR;
				CLANG_WARN_QUOTED_INCLUDE_IN_FRAMEWORK_HEADER = YES;
				CLANG_WARN_RANGE_LOOP_ANALYSIS = YES;
				CLANG_WARN_STRICT_PROTOTYPES = YES;
				CLANG_WARN_SUSPICIOUS_MOVE = YES;
				CLANG_WARN_UNGUARDED_AVAILABILITY = YES_AGGRESSIVE;
				CLANG_WARN_UNREACHABLE_CODE = YES;
				CLANG_WARN__DUPLICATE_METHOD_MATCH = YES;
				COPY_PHASE_STRIP = NO;
				DEBUG_INFORMATION_FORMAT = "dwarf-with-dsym";
				ENABLE_NS_ASSERTIONS = NO;
				ENABLE_STRICT_OBJC_MSGSEND = YES;
				GCC_C_LANGUAGE_STANDARD = gnu11;
				GCC_NO_COMMON_BLOCKS = YES;
				GCC_WARN_64_TO_32_BIT_CONVERSION = YES;
				GCC_WARN_ABOUT_RETURN_TYPE = YES_ERROR;
				GCC_WARN_UNDECLARED_SELECTOR = YES;
				GCC_WARN_UNINITIALIZED_AUTOS = YES_AGGRESSIVE;
				GCC_WARN_UNUSED_FUNCTION = YES;
				GCC_WARN_UNUSED_VARIABLE = YES;
				IPHONEOS_DEPLOYMENT_TARGET = 15.2;
				MTL_ENABLE_DEBUG_INFO = NO;
				MTL_FAST_MATH = YES;
				SDKROOT = iphoneos;
				SWIFT_COMPILATION_MODE = wholemodule;
				SWIFT_OPTIMIZATION_LEVEL = "-O";
				VALIDATE_PRODUCT = YES;
			};
			name = Release;
		};
		B7D5F11F28FD8E8F008CCDC2 /* Debug */ = {
			isa = XCBuildConfiguration;
			buildSettings = {
				ASSETCATALOG_COMPILER_APPICON_NAME = AppIcon;
				ASSETCATALOG_COMPILER_GLOBAL_ACCENT_COLOR_NAME = AccentColor;
				CODE_SIGN_STYLE = Automatic;
				CURRENT_PROJECT_VERSION = 1;
				DEVELOPMENT_ASSET_PATHS = "\"Lab1/Preview Content\"";
				DEVELOPMENT_TEAM = FY5354U7V4;
				ENABLE_PREVIEWS = YES;
				GENERATE_INFOPLIST_FILE = YES;
				INFOPLIST_KEY_UIApplicationSceneManifest_Generation = YES;
				INFOPLIST_KEY_UIApplicationSupportsIndirectInputEvents = YES;
				INFOPLIST_KEY_UILaunchScreen_Generation = YES;
				INFOPLIST_KEY_UISupportedInterfaceOrientations_iPad = "UIInterfaceOrientationPortrait UIInterfaceOrientationPortraitUpsideDown UIInterfaceOrientationLandscapeLeft UIInterfaceOrientationLandscapeRight";
				INFOPLIST_KEY_UISupportedInterfaceOrientations_iPhone = "UIInterfaceOrientationPortrait UIInterfaceOrientationLandscapeLeft UIInterfaceOrientationLandscapeRight";
				LD_RUNPATH_SEARCH_PATHS = (
					"$(inherited)",
					"@executable_path/Frameworks",
				);
				MARKETING_VERSION = 1.0;
				PRODUCT_BUNDLE_IDENTIFIER = Radzik.Lab1;
				PRODUCT_NAME = "$(TARGET_NAME)";
				SWIFT_EMIT_LOC_STRINGS = YES;
				SWIFT_VERSION = 5.0;
				TARGETED_DEVICE_FAMILY = "1,2";
			};
			name = Debug;
		};
		B7D5F12028FD8E8F008CCDC2 /* Release */ = {
			isa = XCBuildConfiguration;
			buildSettings = {
				ASSETCATALOG_COMPILER_APPICON_NAME = AppIcon;
				ASSETCATALOG_COMPILER_GLOBAL_ACCENT_COLOR_NAME = AccentColor;
				CODE_SIGN_STYLE = Automatic;
				CURRENT_PROJECT_VERSION = 1;
				DEVELOPMENT_ASSET_PATHS = "\"Lab1/Preview Content\"";
				DEVELOPMENT_TEAM = FY5354U7V4;
				ENABLE_PREVIEWS = YES;
				GENERATE_INFOPLIST_FILE = YES;
				INFOPLIST_KEY_UIApplicationSceneManifest_Generation = YES;
				INFOPLIST_KEY_UIApplicationSupportsIndirectInputEvents = YES;
				INFOPLIST_KEY_UILaunchScreen_Generation = YES;
				INFOPLIST_KEY_UISupportedInterfaceOrientations_iPad = "UIInterfaceOrientationPortrait UIInterfaceOrientationPortraitUpsideDown UIInterfaceOrientationLandscapeLeft UIInterfaceOrientationLandscapeRight";
				INFOPLIST_KEY_UISupportedInterfaceOrientations_iPhone = "UIInterfaceOrientationPortrait UIInterfaceOrientationLandscapeLeft UIInterfaceOrientationLandscapeRight";
				LD_RUNPATH_SEARCH_PATHS = (
					"$(inherited)",
					"@executable_path/Frameworks",
				);
				MARKETING_VERSION = 1.0;
				PRODUCT_BUNDLE_IDENTIFIER = Radzik.Lab1;
				PRODUCT_NAME = "$(TARGET_NAME)";
				SWIFT_EMIT_LOC_STRINGS = YES;
				SWIFT_VERSION = 5.0;
				TARGETED_DEVICE_FAMILY = "1,2";
			};
			name = Release;
		};
		B7D5F12228FD8E8F008CCDC2 /* Debug */ = {
			isa = XCBuildConfiguration;
			buildSettings = {
				ALWAYS_EMBED_SWIFT_STANDARD_LIBRARIES = YES;
				BUNDLE_LOADER = "$(TEST_HOST)";
				CODE_SIGN_STYLE = Automatic;
				CURRENT_PROJECT_VERSION = 1;
				DEVELOPMENT_TEAM = FY5354U7V4;
				GENERATE_INFOPLIST_FILE = YES;
				IPHONEOS_DEPLOYMENT_TARGET = 15.2;
				MARKETING_VERSION = 1.0;
				PRODUCT_BUNDLE_IDENTIFIER = Radzik.Lab1Tests;
				PRODUCT_NAME = "$(TARGET_NAME)";
				SWIFT_EMIT_LOC_STRINGS = NO;
				SWIFT_VERSION = 5.0;
				TARGETED_DEVICE_FAMILY = "1,2";
				TEST_HOST = "$(BUILT_PRODUCTS_DIR)/Lab1.app/Lab1";
			};
			name = Debug;
		};
		B7D5F12328FD8E8F008CCDC2 /* Release */ = {
			isa = XCBuildConfiguration;
			buildSettings = {
				ALWAYS_EMBED_SWIFT_STANDARD_LIBRARIES = YES;
				BUNDLE_LOADER = "$(TEST_HOST)";
				CODE_SIGN_STYLE = Automatic;
				CURRENT_PROJECT_VERSION = 1;
				DEVELOPMENT_TEAM = FY5354U7V4;
				GENERATE_INFOPLIST_FILE = YES;
				IPHONEOS_DEPLOYMENT_TARGET = 15.2;
				MARKETING_VERSION = 1.0;
				PRODUCT_BUNDLE_IDENTIFIER = Radzik.Lab1Tests;
				PRODUCT_NAME = "$(TARGET_NAME)";
				SWIFT_EMIT_LOC_STRINGS = NO;
				SWIFT_VERSION = 5.0;
				TARGETED_DEVICE_FAMILY = "1,2";
				TEST_HOST = "$(BUILT_PRODUCTS_DIR)/Lab1.app/Lab1";
			};
			name = Release;
		};
		B7D5F12528FD8E8F008CCDC2 /* Debug */ = {
			isa = XCBuildConfiguration;
			buildSettings = {
				ALWAYS_EMBED_SWIFT_STANDARD_LIBRARIES = YES;
				CODE_SIGN_STYLE = Automatic;
				CURRENT_PROJECT_VERSION = 1;
				DEVELOPMENT_TEAM = FY5354U7V4;
				GENERATE_INFOPLIST_FILE = YES;
				MARKETING_VERSION = 1.0;
				PRODUCT_BUNDLE_IDENTIFIER = Radzik.Lab1UITests;
				PRODUCT_NAME = "$(TARGET_NAME)";
				SWIFT_EMIT_LOC_STRINGS = NO;
				SWIFT_VERSION = 5.0;
				TARGETED_DEVICE_FAMILY = "1,2";
				TEST_TARGET_NAME = Lab1;
			};
			name = Debug;
		};
		B7D5F12628FD8E8F008CCDC2 /* Release */ = {
			isa = XCBuildConfiguration;
			buildSettings = {
				ALWAYS_EMBED_SWIFT_STANDARD_LIBRARIES = YES;
				CODE_SIGN_STYLE = Automatic;
				CURRENT_PROJECT_VERSION = 1;
				DEVELOPMENT_TEAM = FY5354U7V4;
				GENERATE_INFOPLIST_FILE = YES;
				MARKETING_VERSION = 1.0;
				PRODUCT_BUNDLE_IDENTIFIER = Radzik.Lab1UITests;
				PRODUCT_NAME = "$(TARGET_NAME)";
				SWIFT_EMIT_LOC_STRINGS = NO;
				SWIFT_VERSION = 5.0;
				TARGETED_DEVICE_FAMILY = "1,2";
				TEST_TARGET_NAME = Lab1;
			};
			name = Release;
		};
/* End XCBuildConfiguration section */

/* Begin XCConfigurationList section */
		B7D5F0F528FD8E8D008CCDC2 /* Build configuration list for PBXProject "Lab1" */ = {
			isa = XCConfigurationList;
			buildConfigurations = (
				B7D5F11C28FD8E8F008CCDC2 /* Debug */,
				B7D5F11D28FD8E8F008CCDC2 /* Release */,
			);
			defaultConfigurationIsVisible = 0;
			defaultConfigurationName = Release;
		};
		B7D5F11E28FD8E8F008CCDC2 /* Build configuration list for PBXNativeTarget "Lab1" */ = {
			isa = XCConfigurationList;
			buildConfigurations = (
				B7D5F11F28FD8E8F008CCDC2 /* Debug */,
				B7D5F12028FD8E8F008CCDC2 /* Release */,
			);
			defaultConfigurationIsVisible = 0;
			defaultConfigurationName = Release;
		};
		B7D5F12128FD8E8F008CCDC2 /* Build configuration list for PBXNativeTarget "Lab1Tests" */ = {
			isa = XCConfigurationList;
			buildConfigurations = (
				B7D5F12228FD8E8F008CCDC2 /* Debug */,
				B7D5F12328FD8E8F008CCDC2 /* Release */,
			);
			defaultConfigurationIsVisible = 0;
			defaultConfigurationName = Release;
		};
		B7D5F12428FD8E8F008CCDC2 /* Build configuration list for PBXNativeTarget "Lab1UITests" */ = {
			isa = XCConfigurationList;
			buildConfigurations = (
				B7D5F12528FD8E8F008CCDC2 /* Debug */,
				B7D5F12628FD8E8F008CCDC2 /* Release */,
			);
			defaultConfigurationIsVisible = 0;
			defaultConfigurationName = Release;
		};
/* End XCConfigurationList section */
	};
	rootObject = B7D5F0F228FD8E8D008CCDC2 /* Project object */;
}
